schema: '2.0'
stages:
  data_splitting:
    cmd: python src/data/data_splitting.py
    deps:
    - path: data/raw_data/raw.csv
      hash: md5
      md5: 617b56af2992376d5c3e91ad80823898
      size: 333757
    - path: src/data/data_splitting.py
      hash: md5
      md5: e5aeb95163cc9484bfe44b8d67dcee6f
      size: 1353
    outs:
    - path: data/processed_data/X_test.csv
      hash: md5
      md5: 873ae705b6a11cab3cd38f2411ae3023
      size: 65606
    - path: data/processed_data/X_train.csv
      hash: md5
      md5: 6340edd92980c2eea1bf6356c18ccff8
      size: 196486
    - path: data/processed_data/y_test.csv
      hash: md5
      md5: 5cad07a4cdc84c08abba8b40ce7c757b
      size: 8184
    - path: data/processed_data/y_train.csv
      hash: md5
      md5: 3a6f35375756aa8918486251ec6ef015
      size: 24223
  data_normalization:
    cmd: python src/data/data_normalize.py
    deps:
    - path: data/processed_data/X_test.csv
      hash: md5
      md5: 873ae705b6a11cab3cd38f2411ae3023
      size: 65606
    - path: data/processed_data/X_train.csv
      hash: md5
      md5: 6340edd92980c2eea1bf6356c18ccff8
      size: 196486
    - path: src/data/data_normalize.py
      hash: md5
      md5: 243038965052beee787362dc6bd11c26
      size: 1295
    outs:
    - path: data/processed_data/X_test_scale.csv
      hash: md5
      md5: f1bc8dcad72fc1170e4d23dabf5a2572
      size: 71236
    - path: data/processed_data/X_train_scale.csv
      hash: md5
      md5: 9e494763c459497a7a7ed192145546b5
      size: 213205
  best_parameters:
    cmd: python src/models/best_param.py
    deps:
    - path: data/processed_data/X_train_scale.csv
      hash: md5
      md5: 9e494763c459497a7a7ed192145546b5
      size: 213205
    - path: data/processed_data/y_train.csv
      hash: md5
      md5: 3a6f35375756aa8918486251ec6ef015
      size: 24223
    - path: src/models/best_param.py
      hash: md5
      md5: 447f2077e0560b3916faaa5434148a1b
      size: 2101
    outs:
    - path: models/best_params.pkl
      hash: md5
      md5: 437e4a1a7f9c2793f3ee0dbcf2196045
      size: 68
  model_training:
    cmd: python src/models/training.py
    deps:
    - path: data/processed_data/X_train_scale.csv
      hash: md5
      md5: 9e494763c459497a7a7ed192145546b5
      size: 213205
    - path: data/processed_data/y_train.csv
      hash: md5
      md5: 3a6f35375756aa8918486251ec6ef015
      size: 24223
    - path: models/best_params.pkl
      hash: md5
      md5: 437e4a1a7f9c2793f3ee0dbcf2196045
      size: 68
    - path: src/models/training.py
      hash: md5
      md5: f87e343f6dc8dbbe4647096c175e535f
      size: 1926
    outs:
    - path: models/model.pkl
      hash: md5
      md5: a64a8a4ad2b122239d5b9671a5623c9d
      size: 10747903
